
Microsoft Visual Studio Solution File, Format Version 12.00
# Visual Studio Version 17
VisualStudioVersion = 17.8.34408.163
MinimumVisualStudioVersion = 10.0.40219.1
Project("{FAE04EC0-301F-11D3-BF4B-00C04F79EFBC}") = "ClimateSmartAgriculture", "ClimateSmartAgriculture.csproj", "{6EB0678E-62F5-4D32-985D-7866C3C6FF90}"
EndProject
Global
	GlobalSection(SolutionConfigurationPlatforms) = preSolution
		Debug|Any CPU = Debug|Any CPU
		Release|Any CPU = Release|Any CPU
	EndGlobalSection
	GlobalSection(ProjectConfigurationPlatforms) = postSolution
		{6EB0678E-62F5-4D32-985D-7866C3C6FF90}.Debug|Any CPU.ActiveCfg = Debug|Any CPU
		{6EB0678E-62F5-4D32-985D-7866C3C6FF90}.Debug|Any CPU.Build.0 = Debug|Any CPU
		{6EB0678E-62F5-4D32-985D-7866C3C6FF90}.Release|Any CPU.ActiveCfg = Release|Any CPU
		{6EB0678E-62F5-4D32-985D-7866C3C6FF90}.Release|Any CPU.Build.0 = Release|Any CPU
	EndGlobalSection
	GlobalSection(SolutionProperties) = preSolution
		HideSolutionNode = FALSE
	EndGlobalSection
	GlobalSection(ExtensibilityGlobals) = postSolution
		SolutionGuid = {278B839F-FF3C-4F85-A0FC-910EEC8356E4}
	EndGlobalSection
EndGlobal
